
Microsoft Visual Studio Solution File, Format Version 12.00
# Visual Studio Version 17
VisualStudioVersion = 17.14.36804.6
MinimumVisualStudioVersion = 10.0.40219.1
Project("{FAE04EC0-301F-11D3-BF4B-00C04F79EFBC}") = "SimurghDashboard", "Simurgh-Dashboard\SimurghDashboard.csproj", "{EDC37FB9-8C16-4352-A7BF-CBB0986F2181}"
EndProject
Global
	GlobalSection(SolutionConfigurationPlatforms) = preSolution
		Debug|Any CPU = Debug|Any CPU
		Release|Any CPU = Release|Any CPU
	EndGlobalSection
	GlobalSection(ProjectConfigurationPlatforms) = postSolution
		{EDC37FB9-8C16-4352-A7BF-CBB0986F2181}.Debug|Any CPU.ActiveCfg = Debug|Any CPU
		{EDC37FB9-8C16-4352-A7BF-CBB0986F2181}.Debug|Any CPU.Build.0 = Debug|Any CPU
		{EDC37FB9-8C16-4352-A7BF-CBB0986F2181}.Release|Any CPU.ActiveCfg = Release|Any CPU
		{EDC37FB9-8C16-4352-A7BF-CBB0986F2181}.Release|Any CPU.Build.0 = Release|Any CPU
	EndGlobalSection
	GlobalSection(SolutionProperties) = preSolution
		HideSolutionNode = FALSE
	EndGlobalSection
	GlobalSection(ExtensibilityGlobals) = postSolution
		SolutionGuid = {305EDD4D-2874-4FBF-A9FC-A874AE2EFCE8}
	EndGlobalSection
EndGlobal
